// !$*UTF8*$!
{
	archiveVersion = 1;
	classes = {
	};
	objectVersion = 56;
	objects = {

/* Begin PBXBuildFile section */
		902C7EFC2BA835BD0032AA58 /* main.cpp in Sources */ = {isa = PBXBuildFile; fileRef = 902C7EFB2BA835BD0032AA58 /* main.cpp */; };
		902C7F042BA83B5F0032AA58 /* libglfw.3.4.dylib in Frameworks */ = {isa = PBXBuildFile; fileRef = 902C7F032BA83B5F0032AA58 /* libglfw.3.4.dylib */; settings = {ATTRIBUTES = (Weak, ); }; };
		902C7F062BA83BB00032AA58 /* libvulkan.1.3.250.dylib in Frameworks */ = {isa = PBXBuildFile; fileRef = 902C7F052BA83BB00032AA58 /* libvulkan.1.3.250.dylib */; settings = {ATTRIBUTES = (Weak, ); }; };
		902C7F082BA83C4A0032AA58 /* libvulkan.1.3.250.dylib in CopyFiles */ = {isa = PBXBuildFile; fileRef = 902C7F072BA83C4A0032AA58 /* libvulkan.1.3.250.dylib */; };
		902C7F0A2BA83C720032AA58 /* libglfw.3.4.dylib in CopyFiles */ = {isa = PBXBuildFile; fileRef = 902C7F092BA83C720032AA58 /* libglfw.3.4.dylib */; };
		902C7F0C2BA840260032AA58 /* libvulkan.1.dylib in Frameworks */ = {isa = PBXBuildFile; fileRef = 902C7F0B2BA840260032AA58 /* libvulkan.1.dylib */; settings = {ATTRIBUTES = (Weak, ); }; };
		902C7F0E2BA840390032AA58 /* libvulkan.1.dylib in CopyFiles */ = {isa = PBXBuildFile; fileRef = 902C7F0D2BA840390032AA58 /* libvulkan.1.dylib */; };
/* End PBXBuildFile section */

/* Begin PBXCopyFilesBuildPhase section */
		902C7EF62BA835BD0032AA58 /* CopyFiles */ = {
			isa = PBXCopyFilesBuildPhase;
			buildActionMask = 12;
			dstPath = "";
			dstSubfolderSpec = 10;
			files = (
				902C7F082BA83C4A0032AA58 /* libvulkan.1.3.250.dylib in CopyFiles */,
				902C7F0E2BA840390032AA58 /* libvulkan.1.dylib in CopyFiles */,
				902C7F0A2BA83C720032AA58 /* libglfw.3.4.dylib in CopyFiles */,
			);
			runOnlyForDeploymentPostprocessing = 0;
		};
/* End PBXCopyFilesBuildPhase section */

/* Begin PBXFileReference section */
		902A07232BB2089900054833 /* shader.vert */ = {isa = PBXFileReference; lastKnownFileType = sourcecode.glsl; path = shader.vert; sourceTree = "<group>"; };
		902A07242BB20B2F00054833 /* shader.frag */ = {isa = PBXFileReference; lastKnownFileType = sourcecode.glsl; path = shader.frag; sourceTree = "<group>"; };
		902A07252BB2A56600054833 /* compile.sh */ = {isa = PBXFileReference; lastKnownFileType = text.script.sh; path = compile.sh; sourceTree = "<group>"; };
		902C7EF82BA835BD0032AA58 /* VulkanTutorial */ = {isa = PBXFileReference; explicitFileType = "compiled.mach-o.executable"; includeInIndex = 0; path = VulkanTutorial; sourceTree = BUILT_PRODUCTS_DIR; };
		902C7EFB2BA835BD0032AA58 /* main.cpp */ = {isa = PBXFileReference; lastKnownFileType = sourcecode.cpp.cpp; path = main.cpp; sourceTree = "<group>"; };
		902C7F032BA83B5F0032AA58 /* libglfw.3.4.dylib */ = {isa = PBXFileReference; lastKnownFileType = "compiled.mach-o.dylib"; name = libglfw.3.4.dylib; path = ../../../../../opt/homebrew/Cellar/glfw/3.4/lib/libglfw.3.4.dylib; sourceTree = "<group>"; };
		902C7F052BA83BB00032AA58 /* libvulkan.1.3.250.dylib */ = {isa = PBXFileReference; lastKnownFileType = "compiled.mach-o.dylib"; name = libvulkan.1.3.250.dylib; path = ../../../VulkanSDK/1.3.250.1/macOS/lib/libvulkan.1.3.250.dylib; sourceTree = "<group>"; };
		902C7F072BA83C4A0032AA58 /* libvulkan.1.3.250.dylib */ = {isa = PBXFileReference; lastKnownFileType = "compiled.mach-o.dylib"; name = libvulkan.1.3.250.dylib; path = ../../../VulkanSDK/1.3.250.1/macOS/lib/libvulkan.1.3.250.dylib; sourceTree = "<group>"; };
		902C7F092BA83C720032AA58 /* libglfw.3.4.dylib */ = {isa = PBXFileReference; lastKnownFileType = "compiled.mach-o.dylib"; name = libglfw.3.4.dylib; path = ../../../../../opt/homebrew/Cellar/glfw/3.4/lib/libglfw.3.4.dylib; sourceTree = "<group>"; };
		902C7F0B2BA840260032AA58 /* libvulkan.1.dylib */ = {isa = PBXFileReference; lastKnownFileType = "compiled.mach-o.dylib"; name = libvulkan.1.dylib; path = ../../../VulkanSDK/1.3.250.1/macOS/lib/libvulkan.1.dylib; sourceTree = "<group>"; };
		902C7F0D2BA840390032AA58 /* libvulkan.1.dylib */ = {isa = PBXFileReference; lastKnownFileType = "compiled.mach-o.dylib"; name = libvulkan.1.dylib; path = ../../../VulkanSDK/1.3.250.1/macOS/lib/libvulkan.1.dylib; sourceTree = "<group>"; };
		90B844062C284F4000DBF534 /* frag.spv */ = {isa = PBXFileReference; lastKnownFileType = file; name = frag.spv; path = shaders/frag.spv; sourceTree = "<group>"; };
		90B844082C284F9400DBF534 /* vert.spv */ = {isa = PBXFileReference; lastKnownFileType = file; name = vert.spv; path = shaders/vert.spv; sourceTree = "<group>"; };
/* End PBXFileReference section */

/* Begin PBXFrameworksBuildPhase section */
		902C7EF52BA835BD0032AA58 /* Frameworks */ = {
			isa = PBXFrameworksBuildPhase;
			buildActionMask = 2147483647;
			files = (
				902C7F042BA83B5F0032AA58 /* libglfw.3.4.dylib in Frameworks */,
				902C7F0C2BA840260032AA58 /* libvulkan.1.dylib in Frameworks */,
				902C7F062BA83BB00032AA58 /* libvulkan.1.3.250.dylib in Frameworks */,
			);
			runOnlyForDeploymentPostprocessing = 0;
		};
/* End PBXFrameworksBuildPhase section */

/* Begin PBXGroup section */
		9011DB5D2C34200B00FECF2F /* textures */ = {
			isa = PBXGroup;
			children = (
			);
			path = textures;
			sourceTree = "<group>";
		};
		902A07222BB2083800054833 /* shaders */ = {
			isa = PBXGroup;
			children = (
				902A07232BB2089900054833 /* shader.vert */,
				902A07242BB20B2F00054833 /* shader.frag */,
				902A07252BB2A56600054833 /* compile.sh */,
			);
			path = shaders;
			sourceTree = "<group>";
		};
		902C7EEF2BA835BD0032AA58 = {
			isa = PBXGroup;
			children = (
				9011DB5D2C34200B00FECF2F /* textures */,
				90B844082C284F9400DBF534 /* vert.spv */,
				90B844062C284F4000DBF534 /* frag.spv */,
				902A07222BB2083800054833 /* shaders */,
				902C7F0D2BA840390032AA58 /* libvulkan.1.dylib */,
				902C7F092BA83C720032AA58 /* libglfw.3.4.dylib */,
				902C7F072BA83C4A0032AA58 /* libvulkan.1.3.250.dylib */,
				902C7EFA2BA835BD0032AA58 /* VulkanTutorial */,
				902C7EF92BA835BD0032AA58 /* Products */,
				902C7F022BA83B5F0032AA58 /* Frameworks */,
			);
			sourceTree = "<group>";
		};
		902C7EF92BA835BD0032AA58 /* Products */ = {
			isa = PBXGroup;
			children = (
				902C7EF82BA835BD0032AA58 /* VulkanTutorial */,
			);
			name = Products;
			sourceTree = "<group>";
		};
		902C7EFA2BA835BD0032AA58 /* VulkanTutorial */ = {
			isa = PBXGroup;
			children = (
				902C7EFB2BA835BD0032AA58 /* main.cpp */,
			);
			path = VulkanTutorial;
			sourceTree = "<group>";
		};
		902C7F022BA83B5F0032AA58 /* Frameworks */ = {
			isa = PBXGroup;
			children = (
				902C7F0B2BA840260032AA58 /* libvulkan.1.dylib */,
				902C7F052BA83BB00032AA58 /* libvulkan.1.3.250.dylib */,
				902C7F032BA83B5F0032AA58 /* libglfw.3.4.dylib */,
			);
			name = Frameworks;
			sourceTree = "<group>";
		};
/* End PBXGroup section */

/* Begin PBXNativeTarget section */
		902C7EF72BA835BD0032AA58 /* VulkanTutorial */ = {
			isa = PBXNativeTarget;
			buildConfigurationList = 902C7EFF2BA835BD0032AA58 /* Build configuration list for PBXNativeTarget "VulkanTutorial" */;
			buildPhases = (
				902C7EF42BA835BD0032AA58 /* Sources */,
				902C7EF52BA835BD0032AA58 /* Frameworks */,
				902C7EF62BA835BD0032AA58 /* CopyFiles */,
			);
			buildRules = (
			);
			dependencies = (
			);
			name = VulkanTutorial;
			productName = VulkanTutorial;
			productReference = 902C7EF82BA835BD0032AA58 /* VulkanTutorial */;
			productType = "com.apple.product-type.tool";
		};
/* End PBXNativeTarget section */

/* Begin PBXProject section */
		902C7EF02BA835BD0032AA58 /* Project object */ = {
			isa = PBXProject;
			attributes = {
				BuildIndependentTargetsInParallel = 1;
				LastUpgradeCheck = 1520;
				TargetAttributes = {
					902C7EF72BA835BD0032AA58 = {
						CreatedOnToolsVersion = 15.2;
					};
				};
			};
			buildConfigurationList = 902C7EF32BA835BD0032AA58 /* Build configuration list for PBXProject "VulkanTutorial" */;
			compatibilityVersion = "Xcode 14.0";
			developmentRegion = en;
			hasScannedForEncodings = 0;
			knownRegions = (
				en,
				Base,
			);
			mainGroup = 902C7EEF2BA835BD0032AA58;
			productRefGroup = 902C7EF92BA835BD0032AA58 /* Products */;
			projectDirPath = "";
			projectRoot = "";
			targets = (
				902C7EF72BA835BD0032AA58 /* VulkanTutorial */,
			);
		};
/* End PBXProject section */

/* Begin PBXSourcesBuildPhase section */
		902C7EF42BA835BD0032AA58 /* Sources */ = {
			isa = PBXSourcesBuildPhase;
			buildActionMask = 2147483647;
			files = (
				902C7EFC2BA835BD0032AA58 /* main.cpp in Sources */,
			);
			runOnlyForDeploymentPostprocessing = 0;
		};
/* End PBXSourcesBuildPhase section */

/* Begin XCBuildConfiguration section */
		902C7EFD2BA835BD0032AA58 /* Debug */ = {
			isa = XCBuildConfiguration;
			buildSettings = {
				ALWAYS_SEARCH_USER_PATHS = NO;
				ASSETCATALOG_COMPILER_GENERATE_SWIFT_ASSET_SYMBOL_EXTENSIONS = YES;
				CLANG_ANALYZER_NONNULL = YES;
				CLANG_ANALYZER_NUMBER_OBJECT_CONVERSION = YES_AGGRESSIVE;
				CLANG_CXX_LANGUAGE_STANDARD = "gnu++20";
				CLANG_ENABLE_MODULES = YES;
				CLANG_ENABLE_OBJC_ARC = YES;
				CLANG_ENABLE_OBJC_WEAK = YES;
				CLANG_WARN_BLOCK_CAPTURE_AUTORELEASING = YES;
				CLANG_WARN_BOOL_CONVERSION = YES;
				CLANG_WARN_COMMA = YES;
				CLANG_WARN_CONSTANT_CONVERSION = YES;
				CLANG_WARN_DEPRECATED_OBJC_IMPLEMENTATIONS = YES;
				CLANG_WARN_DIRECT_OBJC_ISA_USAGE = YES_ERROR;
				CLANG_WARN_DOCUMENTATION_COMMENTS = YES;
				CLANG_WARN_EMPTY_BODY = YES;
				CLANG_WARN_ENUM_CONVERSION = YES;
				CLANG_WARN_INFINITE_RECURSION = YES;
				CLANG_WARN_INT_CONVERSION = YES;
				CLANG_WARN_NON_LITERAL_NULL_CONVERSION = YES;
				CLANG_WARN_OBJC_IMPLICIT_RETAIN_SELF = YES;
				CLANG_WARN_OBJC_LITERAL_CONVERSION = YES;
				CLANG_WARN_OBJC_ROOT_CLASS = YES_ERROR;
				CLANG_WARN_QUOTED_INCLUDE_IN_FRAMEWORK_HEADER = YES;
				CLANG_WARN_RANGE_LOOP_ANALYSIS = YES;
				CLANG_WARN_STRICT_PROTOTYPES = YES;
				CLANG_WARN_SUSPICIOUS_MOVE = YES;
				CLANG_WARN_UNGUARDED_AVAILABILITY = YES_AGGRESSIVE;
				CLANG_WARN_UNREACHABLE_CODE = YES;
				CLANG_WARN__DUPLICATE_METHOD_MATCH = YES;
				COPY_PHASE_STRIP = NO;
				DEBUG_INFORMATION_FORMAT = dwarf;
				ENABLE_STRICT_OBJC_MSGSEND = YES;
				ENABLE_TESTABILITY = YES;
				ENABLE_USER_SCRIPT_SANDBOXING = YES;
				GCC_C_LANGUAGE_STANDARD = gnu17;
				GCC_DYNAMIC_NO_PIC = NO;
				GCC_NO_COMMON_BLOCKS = YES;
				GCC_OPTIMIZATION_LEVEL = 0;
				GCC_PREPROCESSOR_DEFINITIONS = (
					"DEBUG=1",
					"$(inherited)",
				);
				GCC_WARN_64_TO_32_BIT_CONVERSION = YES;
				GCC_WARN_ABOUT_RETURN_TYPE = YES_ERROR;
				GCC_WARN_UNDECLARED_SELECTOR = YES;
				GCC_WARN_UNINITIALIZED_AUTOS = YES_AGGRESSIVE;
				GCC_WARN_UNUSED_FUNCTION = YES;
				GCC_WARN_UNUSED_VARIABLE = YES;
				LOCALIZATION_PREFERS_STRING_CATALOGS = YES;
				MACOSX_DEPLOYMENT_TARGET = 14.2;
				MTL_ENABLE_DEBUG_INFO = INCLUDE_SOURCE;
				MTL_FAST_MATH = YES;
				ONLY_ACTIVE_ARCH = YES;
				SDKROOT = macosx;
			};
			name = Debug;
		};
		902C7EFE2BA835BD0032AA58 /* Release */ = {
			isa = XCBuildConfiguration;
			buildSettings = {
				ALWAYS_SEARCH_USER_PATHS = NO;
				ASSETCATALOG_COMPILER_GENERATE_SWIFT_ASSET_SYMBOL_EXTENSIONS = YES;
				CLANG_ANALYZER_NONNULL = YES;
				CLANG_ANALYZER_NUMBER_OBJECT_CONVERSION = YES_AGGRESSIVE;
				CLANG_CXX_LANGUAGE_STANDARD = "gnu++20";
				CLANG_ENABLE_MODULES = YES;
				CLANG_ENABLE_OBJC_ARC = YES;
				CLANG_ENABLE_OBJC_WEAK = YES;
				CLANG_WARN_BLOCK_CAPTURE_AUTORELEASING = YES;
				CLANG_WARN_BOOL_CONVERSION = YES;
				CLANG_WARN_COMMA = YES;
				CLANG_WARN_CONSTANT_CONVERSION = YES;
				CLANG_WARN_DEPRECATED_OBJC_IMPLEMENTATIONS = YES;
				CLANG_WARN_DIRECT_OBJC_ISA_USAGE = YES_ERROR;
				CLANG_WARN_DOCUMENTATION_COMMENTS = YES;
				CLANG_WARN_EMPTY_BODY = YES;
				CLANG_WARN_ENUM_CONVERSION = YES;
				CLANG_WARN_INFINITE_RECURSION = YES;
				CLANG_WARN_INT_CONVERSION = YES;
				CLANG_WARN_NON_LITERAL_NULL_CONVERSION = YES;
				CLANG_WARN_OBJC_IMPLICIT_RETAIN_SELF = YES;
				CLANG_WARN_OBJC_LITERAL_CONVERSION = YES;
				CLANG_WARN_OBJC_ROOT_CLASS = YES_ERROR;
				CLANG_WARN_QUOTED_INCLUDE_IN_FRAMEWORK_HEADER = YES;
				CLANG_WARN_RANGE_LOOP_ANALYSIS = YES;
				CLANG_WARN_STRICT_PROTOTYPES = YES;
				CLANG_WARN_SUSPICIOUS_MOVE = YES;
				CLANG_WARN_UNGUARDED_AVAILABILITY = YES_AGGRESSIVE;
				CLANG_WARN_UNREACHABLE_CODE = YES;
				CLANG_WARN__DUPLICATE_METHOD_MATCH = YES;
				COPY_PHASE_STRIP = NO;
				DEBUG_INFORMATION_FORMAT = "dwarf-with-dsym";
				ENABLE_NS_ASSERTIONS = NO;
				ENABLE_STRICT_OBJC_MSGSEND = YES;
				ENABLE_USER_SCRIPT_SANDBOXING = YES;
				GCC_C_LANGUAGE_STANDARD = gnu17;
				GCC_NO_COMMON_BLOCKS = YES;
				GCC_WARN_64_TO_32_BIT_CONVERSION = YES;
				GCC_WARN_ABOUT_RETURN_TYPE = YES_ERROR;
				GCC_WARN_UNDECLARED_SELECTOR = YES;
				GCC_WARN_UNINITIALIZED_AUTOS = YES_AGGRESSIVE;
				GCC_WARN_UNUSED_FUNCTION = YES;
				GCC_WARN_UNUSED_VARIABLE = YES;
				LOCALIZATION_PREFERS_STRING_CATALOGS = YES;
				MACOSX_DEPLOYMENT_TARGET = 14.2;
				MTL_ENABLE_DEBUG_INFO = NO;
				MTL_FAST_MATH = YES;
				SDKROOT = macosx;
			};
			name = Release;
		};
		902C7F002BA835BD0032AA58 /* Debug */ = {
			isa = XCBuildConfiguration;
			buildSettings = {
				CODE_SIGN_STYLE = Automatic;
				HEADER_SEARCH_PATHS = (
					"/usr/local/include/**",
					"/Users/o.arkhangelsky/VulkanSDK/1.3.250.1/macOS/include/**",
					"/opt/homebrew/Cellar/glfw/3.4/include/**",
					"/Users/o.arkhangelsky/repos/stb/**",
				);
				LIBRARY_SEARCH_PATHS = (
					/usr/local/lib,
					/Users/o.arkhangelsky/VulkanSDK/1.3.250.1/macOS/lib,
					/opt/homebrew/Cellar/glfw/3.4/lib,
				);
				PRODUCT_NAME = "$(TARGET_NAME)";
			};
			name = Debug;
		};
		902C7F012BA835BD0032AA58 /* Release */ = {
			isa = XCBuildConfiguration;
			buildSettings = {
				CODE_SIGN_STYLE = Automatic;
				HEADER_SEARCH_PATHS = (
					"/usr/local/include/**",
					"/Users/o.arkhangelsky/VulkanSDK/1.3.250.1/macOS/include/**",
					"/opt/homebrew/Cellar/glfw/3.4/include/**",
					"/Users/o.arkhangelsky/repos/stb/**",
				);
				LIBRARY_SEARCH_PATHS = (
					/usr/local/lib,
					/Users/o.arkhangelsky/VulkanSDK/1.3.250.1/macOS/lib,
					/opt/homebrew/Cellar/glfw/3.4/lib,
				);
				PRODUCT_NAME = "$(TARGET_NAME)";
			};
			name = Release;
		};
/* End XCBuildConfiguration section */

/* Begin XCConfigurationList section */
		902C7EF32BA835BD0032AA58 /* Build configuration list for PBXProject "VulkanTutorial" */ = {
			isa = XCConfigurationList;
			buildConfigurations = (
				902C7EFD2BA835BD0032AA58 /* Debug */,
				902C7EFE2BA835BD0032AA58 /* Release */,
			);
			defaultConfigurationIsVisible = 0;
			defaultConfigurationName = Release;
		};
		902C7EFF2BA835BD0032AA58 /* Build configuration list for PBXNativeTarget "VulkanTutorial" */ = {
			isa = XCConfigurationList;
			buildConfigurations = (
				902C7F002BA835BD0032AA58 /* Debug */,
				902C7F012BA835BD0032AA58 /* Release */,
			);
			defaultConfigurationIsVisible = 0;
			defaultConfigurationName = Release;
		};
/* End XCConfigurationList section */
	};
	rootObject = 902C7EF02BA835BD0032AA58 /* Project object */;
}
